{
  "name": "mush2-backend",
  "version": "1.2.0",
  "lockfileVersion": 3,
  "requires": true,
  "packages": {
    "": {
      "name": "mush2-backend",
      "version": "1.2.0",
      "license": "MIT",
      "dependencies": {
        "bcryptjs": "^2.4.3",
        "cors": "^2.8.5",
        "dotenv": "^16.4.7",
        "express": "^5.1.0",
        "express-rate-limit": "^8.5.2",
        "helmet": "^8.0.0",
        "jsonwebtoken": "^9.0.2",
        "mqtt": "^5.15.1",
        "node-telegram-bot-api": "^1.1.2",
        "nodemailer": "^9.0.3",
        "pg": "^8.13.1",
        "pg-hstore": "^2.3.4",
        "pino": "^10.3.1",
        "pino-http": "^11.0.0",
        "sequelize": "^6.37.5",
        "ws": "^8.21.0"
      },
      "devDependencies": {
        "@types/jest": "^30.0.0",
        "jest": "^29.7.0",
        "pino-pretty": "^13.1.3",
        "supertest": "^7.2.2",
        "vitest": "^3.2.4"
      }
    },
    "../node_modules/.pnpm/@types+jest@30.0.0/node_modules/@types/jest": {
      "version": "30.0.0",
      "dev": true,
      "license": "MIT",
      "dependencies": {
        "expect": "^30.0.0",
        "pretty-format": "^30.0.0"
      }
    },
    "../node_modules/.pnpm/bcryptjs@2.4.3/node_modules/bcryptjs": {
      "version": "2.4.3",
      "license": "MIT",
      "devDependencies": {
        "bcrypt": "latest",
        "closurecompiler": "~1",
        "metascript": "~0.18",
        "testjs": "~1",
        "utfx": "~1"
      }
    },
    "../node_modules/.pnpm/cors@2.8.6/node_modules/cors": {
      "version": "2.8.6",
      "license": "MIT",
      "dependencies": {
        "object-assign": "^4",
        "vary": "^1"
      },
      "devDependencies": {
        "after": "0.8.2",
        "eslint": "7.30.0",
        "express": "4.21.2",
        "mocha": "9.2.2",
        "nyc": "15.1.0",
        "supertest": "6.1.3"
      },
      "engines": {
        "node": ">= 0.10"
      },
      "funding": {
        "type": "opencollective",
        "url": "https://opencollective.com/express"
      }
    },
    "../node_modules/.pnpm/dotenv@16.6.1/node_modules/dotenv": {
      "version": "16.6.1",
      "license": "BSD-2-Clause",
      "devDependencies": {
        "@types/node": "^18.11.3",
        "decache": "^4.6.2",
        "sinon": "^14.0.1",
        "standard": "^17.0.0",
        "standard-version": "^9.5.0",
        "tap": "^19.2.0",
        "typescript": "^4.8.4"
      },
      "engines": {
        "node": ">=12"
      },
      "funding": {
        "url": "https://dotenvx.com"
      }
    },
    "../node_modules/.pnpm/express-rate-limit@8.5.2_express@5.2.1/node_modules/express-rate-limit": {
      "version": "8.5.2",
      "license": "MIT",
      "dependencies": {
        "ip-address": "^10.2.0"
      },
      "devDependencies": {
        "@biomejs/biome": "2.4.6",
        "@express-rate-limit/prettier": "1.1.1",
        "@express-rate-limit/tsconfig": "1.0.2",
        "@jest/globals": "30.4.1",
        "@types/express": "5.0.6",
        "@types/jest": "30.0.0",
        "@types/node": "25.7.0",
        "@types/supertest": "7.2.0",
        "del-cli": "7.0.0",
        "dts-bundle-generator": "8.1.2",
        "esbuild": "0.28.0",
        "express": "5.2.1",
        "husky": "9.1.7",
        "jest": "30.4.2",
        "lint-staged": "17.0.4",
        "mintlify": "4.2.559",
        "npm-run-all": "4.1.5",
        "prettier": "3.8.3",
        "ratelimit-header-parser": "0.1.0",
        "supertest": "7.2.2",
        "ts-jest": "29.4.9",
        "ts-node": "10.9.2",
        "typescript": "5.9.3"
      },
      "engines": {
        "node": ">= 16"
      },
      "funding": {
        "url": "https://github.com/sponsors/express-rate-limit"
      },
      "peerDependencies": {
        "express": ">= 4.11"
      }
    },
    "../node_modules/.pnpm/express@5.2.1/node_modules/express": {
      "version": "5.2.1",
      "license": "MIT",
      "dependencies": {
        "accepts": "^2.0.0",
        "body-parser": "^2.2.1",
        "content-disposition": "^1.0.0",
        "content-type": "^1.0.5",
        "cookie": "^0.7.1",
        "cookie-signature": "^1.2.1",
        "debug": "^4.4.0",
        "depd": "^2.0.0",
        "encodeurl": "^2.0.0",
        "escape-html": "^1.0.3",
        "etag": "^1.8.1",
        "finalhandler": "^2.1.0",
        "fresh": "^2.0.0",
        "http-errors": "^2.0.0",
        "merge-descriptors": "^2.0.0",
        "mime-types": "^3.0.0",
        "on-finished": "^2.4.1",
        "once": "^1.4.0",
        "parseurl": "^1.3.3",
        "proxy-addr": "^2.0.7",
        "qs": "^6.14.0",
        "range-parser": "^1.2.1",
        "router": "^2.2.0",
        "send": "^1.1.0",
        "serve-static": "^2.2.0",
        "statuses": "^2.0.1",
        "type-is": "^2.0.1",
        "vary": "^1.1.2"
      },
      "devDependencies": {
        "after": "0.8.2",
        "connect-redis": "^8.0.1",
        "cookie-parser": "1.4.7",
        "cookie-session": "2.1.1",
        "ejs": "^3.1.10",
        "eslint": "8.47.0",
        "express-session": "^1.18.1",
        "hbs": "4.2.0",
        "marked": "^15.0.3",
        "method-override": "3.0.0",
        "mocha": "^10.7.3",
        "morgan": "1.10.1",
        "nyc": "^17.1.0",
        "pbkdf2-password": "1.2.1",
        "supertest": "^6.3.0",
        "vhost": "~3.0.2"
      },
      "engines": {
        "node": ">= 18"
      },
      "funding": {
        "type": "opencollective",
        "url": "https://opencollective.com/express"
      }
    },
    "../node_modules/.pnpm/helmet@8.2.0/node_modules/helmet": {
      "version": "8.2.0",
      "license": "MIT",
      "engines": {
        "node": ">=18.0.0"
      },
      "funding": {
        "url": "https://github.com/sponsors/EvanHahn"
      }
    },
    "../node_modules/.pnpm/jest@29.7.0_@types+node@26.1.0/node_modules/jest": {
      "version": "29.7.0",
      "dev": true,
      "license": "MIT",
      "dependencies": {
        "@jest/core": "^29.7.0",
        "@jest/types": "^29.6.3",
        "import-local": "^3.0.2",
        "jest-cli": "^29.7.0"
      },
      "bin": {
        "jest": "bin/jest.js"
      },
      "devDependencies": {
        "@tsd/typescript": "^5.0.4",
        "tsd-lite": "^0.7.0"
      },
      "engines": {
        "node": "^14.15.0 || ^16.10.0 || >=18.0.0"
      },
      "peerDependencies": {
        "node-notifier": "^8.0.1 || ^9.0.0 || ^10.0.0"
      },
      "peerDependenciesMeta": {
        "node-notifier": {
          "optional": true
        }
      }
    },
    "../node_modules/.pnpm/jsonwebtoken@9.0.3/node_modules/jsonwebtoken": {
      "version": "9.0.3",
      "license": "MIT",
      "dependencies": {
        "jws": "^4.0.1",
        "lodash.includes": "^4.3.0",
        "lodash.isboolean": "^3.0.3",
        "lodash.isinteger": "^4.0.4",
        "lodash.isnumber": "^3.0.3",
        "lodash.isplainobject": "^4.0.6",
        "lodash.isstring": "^4.0.1",
        "lodash.once": "^4.0.0",
        "ms": "^2.1.1",
        "semver": "^7.5.4"
      },
      "devDependencies": {
        "atob": "^2.1.2",
        "chai": "^4.1.2",
        "conventional-changelog": "~1.1.0",
        "eslint": "^4.19.1",
        "mocha": "^5.2.0",
        "nsp": "^2.6.2",
        "nyc": "^11.9.0",
        "sinon": "^6.0.0"
      },
      "engines": {
        "node": ">=12",
        "npm": ">=6"
      }
    },
    "../node_modules/.pnpm/mqtt@5.15.1/node_modules/mqtt": {
      "version": "5.15.1",
      "license": "MIT",
      "dependencies": {
        "@types/readable-stream": "^4.0.21",
        "@types/ws": "^8.18.1",
        "commist": "^3.2.0",
        "concat-stream": "^2.0.0",
        "debug": "^4.4.1",
        "help-me": "^5.0.0",
        "lru-cache": "^10.4.3",
        "minimist": "^1.2.8",
        "mqtt-packet": "^9.0.2",
        "number-allocator": "^1.0.14",
        "readable-stream": "^4.7.0",
        "rfdc": "^1.4.1",
        "socks": "^2.8.6",
        "split2": "^4.2.0",
        "worker-timers": "^8.0.23",
        "ws": "^8.18.3"
      },
      "bin": {
        "mqtt": "build/bin/mqtt.js",
        "mqtt_pub": "build/bin/pub.js",
        "mqtt_sub": "build/bin/sub.js"
      },
      "devDependencies": {
        "@eslint/eslintrc": "^3.3.1",
        "@eslint/js": "^9.32.0",
        "@esm-bundle/chai": "^4.3.4",
        "@release-it/conventional-changelog": "^10.0.1",
        "@tsconfig/node20": "^20.1.6",
        "@types/chai": "^5.2.2",
        "@types/node": "^20.17.16",
        "@types/sinon": "^17.0.4",
        "@types/tape": "^5.8.1",
        "@typescript-eslint/eslint-plugin": "^8.38.0",
        "@typescript-eslint/parser": "^8.38.0",
        "@web/test-runner": "^0.20.2",
        "@web/test-runner-playwright": "^0.11.1",
        "aedes-cli": "^0.8.0",
        "chai": "^5.2.1",
        "chokidar": "^4.0.3",
        "conventional-changelog-cli": "^5.0.0",
        "end-of-stream": "^1.4.5",
        "esbuild": "^0.25.8",
        "esbuild-plugin-polyfill-node": "^0.3.0",
        "esbuild-register": "^3.6.0",
        "eslint": "^9.32.0",
        "eslint-config-prettier": "^10.1.8",
        "eslint-plugin-import": "^2.32.0",
        "eslint-plugin-prettier": "^5.5.3",
        "global": "^4.4.0",
        "globals": "^16.3.0",
        "leaked-handles": "^5.2.0",
        "mkdirp": "^3.0.1",
        "mqtt-connection": "^4.1.0",
        "mqtt-level-store": "^3.1.0",
        "nyc": "^17.1.0",
        "pre-commit": "^1.2.2",
        "prettier": "^3.6.2",
        "release-it": "^19.0.4",
        "rimraf": "^6.0.1",
        "should": "^13.2.3",
        "sinon": "^17.0.2",
        "snazzy": "^9.0.0",
        "tape": "^5.9.0",
        "ts-node": "^10.9.2",
        "typescript": "^5.8.3"
      },
      "engines": {
        "node": ">=16.0.0"
      }
    },
    "../node_modules/.pnpm/node-telegram-bot-api@1.1.2/node_modules/node-telegram-bot-api": {
      "version": "1.1.2",
      "license": "MIT",
      "devDependencies": {
        "@types/node": "^25.6.2",
        "tsx": "^4.22.3",
        "typescript": "^5.7.0",
        "zshy": "^0.7.3"
      },
      "engines": {
        "node": ">=18"
      }
    },
    "../node_modules/.pnpm/pg-hstore@2.3.4/node_modules/pg-hstore": {
      "version": "2.3.4",
      "license": "MIT",
      "dependencies": {
        "underscore": "^1.13.1"
      },
      "devDependencies": {
        "mocha": "^2.1.0",
        "should": "^4.4.2"
      },
      "engines": {
        "node": ">= 0.8.x"
      }
    },
    "../node_modules/.pnpm/pg@8.22.0/node_modules/pg": {
      "version": "8.22.0",
      "license": "MIT",
      "dependencies": {
        "pg-connection-string": "^2.14.0",
        "pg-pool": "^3.14.0",
        "pg-protocol": "^1.15.0",
        "pg-types": "2.2.0",
        "pgpass": "1.0.5"
      },
      "devDependencies": {
        "@cloudflare/vitest-pool-workers": "0.8.23",
        "@cloudflare/workers-types": "^4.20230404.0",
        "async": "2.6.4",
        "bluebird": "3.7.2",
        "co": "4.6.0",
        "pg-copy-streams": "0.3.0",
        "typescript": "^6.0.3",
        "vitest": "~3.0.9",
        "wrangler": "^3.x"
      },
      "engines": {
        "node": ">= 16.0.0"
      },
      "optionalDependencies": {
        "pg-cloudflare": "^1.4.0"
      },
      "peerDependencies": {
        "pg-native": ">=3.0.1"
      },
      "peerDependenciesMeta": {
        "pg-native": {
          "optional": true
        }
      }
    },
    "../node_modules/.pnpm/sequelize@6.37.8_pg-hstore@2.3.4_pg@8.22.0/node_modules/sequelize": {
      "version": "6.37.8",
      "funding": [
        {
          "type": "opencollective",
          "url": "https://opencollective.com/sequelize"
        }
      ],
      "license": "MIT",
      "dependencies": {
        "@types/debug": "^4.1.8",
        "@types/validator": "^13.7.17",
        "debug": "^4.3.4",
        "dottie": "^2.0.6",
        "inflection": "^1.13.4",
        "lodash": "^4.17.21",
        "moment": "^2.29.4",
        "moment-timezone": "^0.5.43",
        "pg-connection-string": "^2.6.1",
        "retry-as-promised": "^7.0.4",
        "semver": "^7.5.4",
        "sequelize-pool": "^7.1.0",
        "toposort-class": "^1.0.1",
        "uuid": "^8.3.2",
        "validator": "^13.9.0",
        "wkx": "^0.5.0"
      },
      "devDependencies": {
        "@commitlint/cli": "^15.0.0",
        "@commitlint/config-angular": "^15.0.0",
        "@octokit/rest": "^18.12.0",
        "@octokit/types": "^6.34.0",
        "@types/chai": "^4.3.0",
        "@types/lodash": "4.14.197",
        "@types/mocha": "^9.0.0",
        "@types/node": "^16.11.17",
        "@types/sinon": "^10.0.6",
        "@typescript-eslint/eslint-plugin": "^5.8.1",
        "@typescript-eslint/parser": "^5.8.1",
        "acorn": "^8.7.0",
        "chai": "^4.3.7",
        "chai-as-promised": "^7.1.1",
        "chai-datetime": "^1.8.0",
        "cheerio": "^1.0.0-rc.10",
        "cls-hooked": "^4.2.2",
        "copyfiles": "^2.4.1",
        "cross-env": "^7.0.3",
        "delay": "^5.0.0",
        "esbuild": "0.14.3",
        "esdoc": "^1.1.0",
        "esdoc-ecmascript-proposal-plugin": "^1.0.0",
        "esdoc-inject-style-plugin": "^1.0.0",
        "esdoc-standard-plugin": "^1.0.0",
        "eslint": "^8.5.0",
        "eslint-plugin-jsdoc": "^37.4.0",
        "eslint-plugin-mocha": "^9.0.0",
        "expect-type": "^0.12.0",
        "fast-glob": "^3.2.7",
        "fs-jetpack": "^4.3.0",
        "husky": "^7.0.4",
        "ibm_db": "^2.8.1",
        "js-combinatorics": "^0.6.1",
        "lcov-result-merger": "^3.1.0",
        "lint-staged": "^12.1.4",
        "mariadb": "^2.5.5",
        "markdownlint-cli": "^0.30.0",
        "mocha": "^7.2.0",
        "module-alias": "^2.2.2",
        "mysql2": "^2.3.3",
        "node-hook": "^1.0.0",
        "nyc": "^15.1.0",
        "oracledb": "^5.5.0",
        "p-map": "^4.0.0",
        "p-props": "^4.0.0",
        "p-settle": "^4.1.1",
        "p-timeout": "^4.0.0",
        "pg": "^8.7.1",
        "pg-hstore": "^2.3.4",
        "rimraf": "^3.0.2",
        "semantic-release": "^18.0.1",
        "semantic-release-fail-on-major-bump": "^1.0.0",
        "sinon": "^12.0.1",
        "sinon-chai": "^3.7.0",
        "snowflake-sdk": "^1.6.6",
        "source-map-support": "^0.5.21",
        "sqlite3": "^5.1.6",
        "tedious": "8.3.0",
        "typescript": "^4.5.4"
      },
      "engines": {
        "node": ">=10.0.0"
      },
      "peerDependenciesMeta": {
        "ibm_db": {
          "optional": true
        },
        "mariadb": {
          "optional": true
        },
        "mysql2": {
          "optional": true
        },
        "oracledb": {
          "optional": true
        },
        "pg": {
          "optional": true
        },
        "pg-hstore": {
          "optional": true
        },
        "snowflake-sdk": {
          "optional": true
        },
        "sqlite3": {
          "optional": true
        },
        "tedious": {
          "optional": true
        }
      }
    },
    "../node_modules/.pnpm/supertest@7.2.2/node_modules/supertest": {
      "version": "7.2.2",
      "dev": true,
      "license": "MIT",
      "dependencies": {
        "cookie-signature": "^1.2.2",
        "methods": "^1.1.2",
        "superagent": "^10.3.0"
      },
      "devDependencies": {
        "@commitlint/cli": "17",
        "@commitlint/config-conventional": "17",
        "body-parser": "^1.20.3",
        "cookie-parser": "^1.4.7",
        "eslint": "^8.32.0",
        "eslint-config-airbnb-base": "^15.0.0",
        "eslint-plugin-import": "^2.27.5",
        "express": "^4.18.3",
        "mocha": "^10.2.0",
        "nock": "^13.3.8",
        "nyc": "^15.1.0",
        "proxyquire": "^2.1.3",
        "should": "^13.2.3",
        "sinon": "20.0.0"
      },
      "engines": {
        "node": ">=14.18.0"
      }
    },
    "../node_modules/.pnpm/vitest@3.2.7_@types+debug@4.1.13_@types+node@26.1.0/node_modules/vitest": {
      "version": "3.2.7",
      "dev": true,
      "license": "MIT",
      "dependencies": {
        "@types/chai": "^5.2.2",
        "@vitest/expect": "3.2.7",
        "@vitest/mocker": "3.2.7",
        "@vitest/pretty-format": "^3.2.7",
        "@vitest/runner": "3.2.7",
        "@vitest/snapshot": "3.2.7",
        "@vitest/spy": "3.2.7",
        "@vitest/utils": "3.2.7",
        "chai": "^5.2.0",
        "debug": "^4.4.1",
        "expect-type": "^1.2.1",
        "magic-string": "^0.30.17",
        "pathe": "^2.0.3",
        "picomatch": "^4.0.2",
        "std-env": "^3.9.0",
        "tinybench": "^2.9.0",
        "tinyexec": "^0.3.2",
        "tinyglobby": "^0.2.14",
        "tinypool": "^1.1.1",
        "tinyrainbow": "^2.0.0",
        "vite": "^5.0.0 || ^6.0.0 || ^7.0.0-0",
        "vite-node": "3.2.4",
        "why-is-node-running": "^2.3.0"
      },
      "bin": {
        "vitest": "vitest.mjs"
      },
      "devDependencies": {
        "@ampproject/remapping": "^2.3.0",
        "@antfu/install-pkg": "^1.1.0",
        "@edge-runtime/vm": "^5.0.0",
        "@sinonjs/fake-timers": "14.0.0",
        "@types/debug": "^4.1.12",
        "@types/estree": "^1.0.8",
        "@types/istanbul-lib-coverage": "^2.0.6",
        "@types/istanbul-reports": "^3.0.4",
        "@types/jsdom": "^21.1.7",
        "@types/mime": "^4.0.0",
        "@types/node": "^22.15.32",
        "@types/picomatch": "^4.0.0",
        "@types/prompts": "^2.4.9",
        "@types/sinonjs__fake-timers": "^8.1.5",
        "acorn-walk": "^8.3.4",
        "birpc": "2.4.0",
        "cac": "^6.7.14",
        "chai-subset": "^1.6.0",
        "find-up": "^6.3.0",
        "flatted": "^3.3.3",
        "happy-dom": "^17.6.3",
        "jsdom": "^26.1.0",
        "local-pkg": "^1.1.1",
        "mime": "^4.0.7",
        "pretty-format": "^29.7.0",
        "prompts": "^2.4.2",
        "strip-literal": "^3.0.0",
        "ws": "^8.18.2"
      },
      "engines": {
        "node": "^18.0.0 || ^20.0.0 || >=22.0.0"
      },
      "funding": {
        "url": "https://opencollective.com/vitest"
      },
      "peerDependencies": {
        "@edge-runtime/vm": "*",
        "@types/debug": "^4.1.12",
        "@types/node": "^18.0.0 || ^20.0.0 || >=22.0.0",
        "@vitest/browser": "3.2.7",
        "@vitest/ui": "3.2.7",
        "happy-dom": "*",
        "jsdom": "*"
      },
      "peerDependenciesMeta": {
        "@edge-runtime/vm": {
          "optional": true
        },
        "@types/debug": {
          "optional": true
        },
        "@types/node": {
          "optional": true
        },
        "@vitest/browser": {
          "optional": true
        },
        "@vitest/ui": {
          "optional": true
        },
        "happy-dom": {
          "optional": true
        },
        "jsdom": {
          "optional": true
        }
      }
    },
    "../node_modules/.pnpm/ws@8.21.0/node_modules/ws": {
      "version": "8.21.0",
      "license": "MIT",
      "devDependencies": {
        "@eslint/js": "^10.0.1",
        "benchmark": "^2.1.4",
        "bufferutil": "^4.0.1",
        "eslint": "^10.0.1",
        "eslint-config-prettier": "^10.0.1",
        "eslint-plugin-prettier": "^5.0.0",
        "globals": "^17.0.0",
        "mocha": "^8.4.0",
        "nyc": "^15.0.0",
        "prettier": "^3.0.0",
        "utf-8-validate": "^6.0.0"
      },
      "engines": {
        "node": ">=10.0.0"
      },
      "peerDependencies": {
        "bufferutil": "^4.0.1",
        "utf-8-validate": ">=5.0.2"
      },
      "peerDependenciesMeta": {
        "bufferutil": {
          "optional": true
        },
        "utf-8-validate": {
          "optional": true
        }
      }
    },
    "node_modules/@pinojs/redact": {
      "version": "0.4.0",
      "resolved": "https://registry.npmjs.org/@pinojs/redact/-/redact-0.4.0.tgz",
      "integrity": "sha512-k2ENnmBugE/rzQfEcdWHcCY+/FM3VLzH9cYEsbdsoqrvzAKRhUZeRNhAZvB8OitQJ1TBed3yqWtdjzS6wJKBwg==",
      "license": "MIT"
    },
    "node_modules/@types/jest": {
      "resolved": "../node_modules/.pnpm/@types+jest@30.0.0/node_modules/@types/jest",
      "link": true
    },
    "node_modules/atomic-sleep": {
      "version": "1.0.0",
      "resolved": "https://registry.npmjs.org/atomic-sleep/-/atomic-sleep-1.0.0.tgz",
      "integrity": "sha512-kNOjDqAh7px0XWNI+4QbzoiR/nTkHAWNud2uvnJquD1/x5a7EQZMJT0AczqK0Qn67oY/TTQ1LbUKajZpp3I9tQ==",
      "license": "MIT",
      "engines": {
        "node": ">=8.0.0"
      }
    },
    "node_modules/bcryptjs": {
      "resolved": "../node_modules/.pnpm/bcryptjs@2.4.3/node_modules/bcryptjs",
      "link": true
    },
    "node_modules/colorette": {
      "version": "2.0.20",
      "resolved": "https://registry.npmjs.org/colorette/-/colorette-2.0.20.tgz",
      "integrity": "sha512-IfEDxwoWIjkeXL1eXcDiow4UbKjhLdq6/EuSVR9GMN7KVH3r9gQ83e73hsz1Nd1T3ijd5xv1wcWRYO+D6kCI2w==",
      "dev": true,
      "license": "MIT"
    },
    "node_modules/cors": {
      "resolved": "../node_modules/.pnpm/cors@2.8.6/node_modules/cors",
      "link": true
    },
    "node_modules/dateformat": {
      "version": "4.6.3",
      "resolved": "https://registry.npmjs.org/dateformat/-/dateformat-4.6.3.tgz",
      "integrity": "sha512-2P0p0pFGzHS5EMnhdxQi7aJN+iMheud0UhG4dlE1DLAlvL8JHjJJTX/CSm4JXwV0Ka5nGk3zC5mcb5bUQUxxMA==",
      "dev": true,
      "license": "MIT",
      "engines": {
        "node": "*"
      }
    },
    "node_modules/dotenv": {
      "resolved": "../node_modules/.pnpm/dotenv@16.6.1/node_modules/dotenv",
      "link": true
    },
    "node_modules/end-of-stream": {
      "version": "1.4.5",
      "resolved": "https://registry.npmjs.org/end-of-stream/-/end-of-stream-1.4.5.tgz",
      "integrity": "sha512-ooEGc6HP26xXq/N+GCGOT0JKCLDGrq2bQUZrQ7gyrJiZANJ/8YDTxTpQBXGMn+WbIQXNVpyWymm7KYVICQnyOg==",
      "dev": true,
      "license": "MIT",
      "dependencies": {
        "once": "^1.4.0"
      }
    },
    "node_modules/express": {
      "resolved": "../node_modules/.pnpm/express@5.2.1/node_modules/express",
      "link": true
    },
    "node_modules/express-rate-limit": {
      "resolved": "../node_modules/.pnpm/express-rate-limit@8.5.2_express@5.2.1/node_modules/express-rate-limit",
      "link": true
    },
    "node_modules/fast-copy": {
      "version": "4.0.4",
      "resolved": "https://registry.npmjs.org/fast-copy/-/fast-copy-4.0.4.tgz",
      "integrity": "sha512-eVAiWVNPSEGIzDl5yPuLrx8fNMogScXvD9xp1Kzd41FjRIz2I3sSIcxsFeM5EzFfHAfobdvs8ZySffUopljvIA==",
      "dev": true,
      "license": "MIT"
    },
    "node_modules/fast-safe-stringify": {
      "version": "2.1.1",
      "resolved": "https://registry.npmjs.org/fast-safe-stringify/-/fast-safe-stringify-2.1.1.tgz",
      "integrity": "sha512-W+KJc2dmILlPplD/H4K9l9LcAHAfPtP6BY84uVLXQ6Evcz9Lcg33Y2z1IVblT6xdY54PXYVHEv+0Wpq8Io6zkA==",
      "dev": true,
      "license": "MIT"
    },
    "node_modules/get-caller-file": {
      "version": "2.0.5",
      "license": "ISC",
      "engines": {
        "node": "6.* || 8.* || >= 10.*"
      }
    },
    "node_modules/helmet": {
      "resolved": "../node_modules/.pnpm/helmet@8.2.0/node_modules/helmet",
      "link": true
    },
    "node_modules/help-me": {
      "version": "5.0.0",
      "resolved": "https://registry.npmjs.org/help-me/-/help-me-5.0.0.tgz",
      "integrity": "sha512-7xgomUX6ADmcYzFik0HzAxh/73YlKR9bmFzf51CZwR+b6YtzU2m0u49hQCqV6SvlqIqsaxovfwdvbnsw3b/zpg==",
      "dev": true,
      "license": "MIT"
    },
    "node_modules/jest": {
      "resolved": "../node_modules/.pnpm/jest@29.7.0_@types+node@26.1.0/node_modules/jest",
      "link": true
    },
    "node_modules/joycon": {
      "version": "3.1.1",
      "resolved": "https://registry.npmjs.org/joycon/-/joycon-3.1.1.tgz",
      "integrity": "sha512-34wB/Y7MW7bzjKRjUKTa46I2Z7eV62Rkhva+KkopW7Qvv/OSWBqvkSY7vusOPrNuZcUG3tApvdVgNB8POj3SPw==",
      "dev": true,
      "license": "MIT",
      "engines": {
        "node": ">=10"
      }
    },
    "node_modules/jsonwebtoken": {
      "resolved": "../node_modules/.pnpm/jsonwebtoken@9.0.3/node_modules/jsonwebtoken",
      "link": true
    },
    "node_modules/minimist": {
      "version": "1.2.8",
      "resolved": "https://registry.npmjs.org/minimist/-/minimist-1.2.8.tgz",
      "integrity": "sha512-2yyAR8qBkN3YuheJanUpWC5U3bb5osDywNB8RzDVlDwDHbocAJveqqj1u8+SVD7jkWT4yvsHCpWqqWqAxb0zCA==",
      "dev": true,
      "license": "MIT",
      "funding": {
        "url": "https://github.com/sponsors/ljharb"
      }
    },
    "node_modules/mqtt": {
      "resolved": "../node_modules/.pnpm/mqtt@5.15.1/node_modules/mqtt",
      "link": true
    },
    "node_modules/node-telegram-bot-api": {
      "resolved": "../node_modules/.pnpm/node-telegram-bot-api@1.1.2/node_modules/node-telegram-bot-api",
      "link": true
    },
    "node_modules/nodemailer": {
      "version": "9.0.3",
      "resolved": "https://registry.npmjs.org/nodemailer/-/nodemailer-9.0.3.tgz",
      "integrity": "sha512-n+YP+NKwR5zRWa60k3GiQ6Q3B4KXCoAw40dAKeCtYn020iNN74aWK2liXIC3ZEATeGql7we3tE3t8QwhY0eskw==",
      "license": "MIT-0",
      "engines": {
        "node": ">=6.0.0"
      }
    },
    "node_modules/on-exit-leak-free": {
      "version": "2.1.2",
      "resolved": "https://registry.npmjs.org/on-exit-leak-free/-/on-exit-leak-free-2.1.2.tgz",
      "integrity": "sha512-0eJJY6hXLGf1udHwfNftBqH+g73EU4B504nZeKpz1sYRKafAghwxEJunB2O7rDZkL4PGfsMVnTXZ2EjibbqcsA==",
      "license": "MIT",
      "engines": {
        "node": ">=14.0.0"
      }
    },
    "node_modules/once": {
      "version": "1.4.0",
      "resolved": "https://registry.npmjs.org/once/-/once-1.4.0.tgz",
      "integrity": "sha512-lNaJgI+2Q5URQBkccEKHTQOPaXdUxnZZElQTZY0MFUAuaEqe1E+Nyvgdz/aIyNi6Z9MzO5dv1H8n58/GELp3+w==",
      "dev": true,
      "license": "ISC",
      "dependencies": {
        "wrappy": "1"
      }
    },
    "node_modules/pg": {
      "resolved": "../node_modules/.pnpm/pg@8.22.0/node_modules/pg",
      "link": true
    },
    "node_modules/pg-hstore": {
      "resolved": "../node_modules/.pnpm/pg-hstore@2.3.4/node_modules/pg-hstore",
      "link": true
    },
    "node_modules/pino": {
      "version": "10.3.1",
      "resolved": "https://registry.npmjs.org/pino/-/pino-10.3.1.tgz",
      "integrity": "sha512-r34yH/GlQpKZbU1BvFFqOjhISRo1MNx1tWYsYvmj6KIRHSPMT2+yHOEb1SG6NMvRoHRF0a07kCOox/9yakl1vg==",
      "license": "MIT",
      "dependencies": {
        "@pinojs/redact": "^0.4.0",
        "atomic-sleep": "^1.0.0",
        "on-exit-leak-free": "^2.1.0",
        "pino-abstract-transport": "^3.0.0",
        "pino-std-serializers": "^7.0.0",
        "process-warning": "^5.0.0",
        "quick-format-unescaped": "^4.0.3",
        "real-require": "^0.2.0",
        "safe-stable-stringify": "^2.3.1",
        "sonic-boom": "^4.0.1",
        "thread-stream": "^4.0.0"
      },
      "bin": {
        "pino": "bin.js"
      }
    },
    "node_modules/pino-abstract-transport": {
      "version": "3.0.0",
      "resolved": "https://registry.npmjs.org/pino-abstract-transport/-/pino-abstract-transport-3.0.0.tgz",
      "integrity": "sha512-wlfUczU+n7Hy/Ha5j9a/gZNy7We5+cXp8YL+X+PG8S0KXxw7n/JXA3c46Y0zQznIJ83URJiwy7Lh56WLokNuxg==",
      "license": "MIT",
      "dependencies": {
        "split2": "^4.0.0"
      }
    },
    "node_modules/pino-http": {
      "version": "11.0.0",
      "resolved": "https://registry.npmjs.org/pino-http/-/pino-http-11.0.0.tgz",
      "integrity": "sha512-wqg5XIAGRRIWtTk8qPGxkbrfiwEWz1lgedVLvhLALudKXvg1/L2lTFgTGPJ4Z2e3qcRmxoFxDuSdMdMGNM6I1g==",
      "license": "MIT",
      "dependencies": {
        "get-caller-file": "^2.0.5",
        "pino": "^10.0.0",
        "pino-std-serializers": "^7.0.0",
        "process-warning": "^5.0.0"
      }
    },
    "node_modules/pino-pretty": {
      "version": "13.1.3",
      "resolved": "https://registry.npmjs.org/pino-pretty/-/pino-pretty-13.1.3.tgz",
      "integrity": "sha512-ttXRkkOz6WWC95KeY9+xxWL6AtImwbyMHrL1mSwqwW9u+vLp/WIElvHvCSDg0xO/Dzrggz1zv3rN5ovTRVowKg==",
      "dev": true,
      "license": "MIT",
      "dependencies": {
        "colorette": "^2.0.7",
        "dateformat": "^4.6.3",
        "fast-copy": "^4.0.0",
        "fast-safe-stringify": "^2.1.1",
        "help-me": "^5.0.0",
        "joycon": "^3.1.1",
        "minimist": "^1.2.6",
        "on-exit-leak-free": "^2.1.0",
        "pino-abstract-transport": "^3.0.0",
        "pump": "^3.0.0",
        "secure-json-parse": "^4.0.0",
        "sonic-boom": "^4.0.1",
        "strip-json-comments": "^5.0.2"
      },
      "bin": {
        "pino-pretty": "bin.js"
      }
    },
    "node_modules/pino-std-serializers": {
      "version": "7.1.0",
      "resolved": "https://registry.npmjs.org/pino-std-serializers/-/pino-std-serializers-7.1.0.tgz",
      "integrity": "sha512-BndPH67/JxGExRgiX1dX0w1FvZck5Wa4aal9198SrRhZjH3GxKQUKIBnYJTdj2HDN3UQAS06HlfcSbQj2OHmaw==",
      "license": "MIT"
    },
    "node_modules/process-warning": {
      "version": "5.0.0",
      "resolved": "https://registry.npmjs.org/process-warning/-/process-warning-5.0.0.tgz",
      "integrity": "sha512-a39t9ApHNx2L4+HBnQKqxxHNs1r7KF+Intd8Q/g1bUh6q0WIp9voPXJ/x0j+ZL45KF1pJd9+q2jLIRMfvEshkA==",
      "funding": [
        {
          "type": "github",
          "url": "https://github.com/sponsors/fastify"
        },
        {
          "type": "opencollective",
          "url": "https://opencollective.com/fastify"
        }
      ],
      "license": "MIT"
    },
    "node_modules/pump": {
      "version": "3.0.4",
      "resolved": "https://registry.npmjs.org/pump/-/pump-3.0.4.tgz",
      "integrity": "sha512-VS7sjc6KR7e1ukRFhQSY5LM2uBWAUPiOPa/A3mkKmiMwSmRFUITt0xuj+/lesgnCv+dPIEYlkzrcyXgquIHMcA==",
      "dev": true,
      "license": "MIT",
      "dependencies": {
        "end-of-stream": "^1.1.0",
        "once": "^1.3.1"
      }
    },
    "node_modules/quick-format-unescaped": {
      "version": "4.0.4",
      "resolved": "https://registry.npmjs.org/quick-format-unescaped/-/quick-format-unescaped-4.0.4.tgz",
      "integrity": "sha512-tYC1Q1hgyRuHgloV/YXs2w15unPVh8qfu/qCTfhTYamaw7fyhumKa2yGpdSo87vY32rIclj+4fWYQXUMs9EHvg==",
      "license": "MIT"
    },
    "node_modules/real-require": {
      "version": "0.2.0",
      "resolved": "https://registry.npmjs.org/real-require/-/real-require-0.2.0.tgz",
      "integrity": "sha512-57frrGM/OCTLqLOAh0mhVA9VBMHd+9U7Zb2THMGdBUoZVOtGbJzjxsYGDJ3A9AYYCP4hn6y1TVbaOfzWtm5GFg==",
      "license": "MIT",
      "engines": {
        "node": ">= 12.13.0"
      }
    },
    "node_modules/safe-stable-stringify": {
      "version": "2.5.0",
      "resolved": "https://registry.npmjs.org/safe-stable-stringify/-/safe-stable-stringify-2.5.0.tgz",
      "integrity": "sha512-b3rppTKm9T+PsVCBEOUR46GWI7fdOs00VKZ1+9c1EWDaDMvjQc6tUwuFyIprgGgTcWoVHSKrU8H31ZHA2e0RHA==",
      "license": "MIT",
      "engines": {
        "node": ">=10"
      }
    },
    "node_modules/secure-json-parse": {
      "version": "4.1.0",
      "resolved": "https://registry.npmjs.org/secure-json-parse/-/secure-json-parse-4.1.0.tgz",
      "integrity": "sha512-l4KnYfEyqYJxDwlNVyRfO2E4NTHfMKAWdUuA8J0yve2Dz/E/PdBepY03RvyJpssIpRFwJoCD55wA+mEDs6ByWA==",
      "dev": true,
      "funding": [
        {
          "type": "github",
          "url": "https://github.com/sponsors/fastify"
        },
        {
          "type": "opencollective",
          "url": "https://opencollective.com/fastify"
        }
      ],
      "license": "BSD-3-Clause"
    },
    "node_modules/sequelize": {
      "resolved": "../node_modules/.pnpm/sequelize@6.37.8_pg-hstore@2.3.4_pg@8.22.0/node_modules/sequelize",
      "link": true
    },
    "node_modules/sonic-boom": {
      "version": "4.2.1",
      "resolved": "https://registry.npmjs.org/sonic-boom/-/sonic-boom-4.2.1.tgz",
      "integrity": "sha512-w6AxtubXa2wTXAUsZMMWERrsIRAdrK0Sc+FUytWvYAhBJLyuI4llrMIC1DtlNSdI99EI86KZum2MMq3EAZlF9Q==",
      "license": "MIT",
      "dependencies": {
        "atomic-sleep": "^1.0.0"
      }
    },
    "node_modules/split2": {
      "version": "4.2.0",
      "license": "ISC",
      "engines": {
        "node": ">= 10.x"
      }
    },
    "node_modules/strip-json-comments": {
      "version": "5.0.3",
      "resolved": "https://registry.npmjs.org/strip-json-comments/-/strip-json-comments-5.0.3.tgz",
      "integrity": "sha512-1tB5mhVo7U+ETBKNf92xT4hrQa3pm0MZ0PQvuDnWgAAGHDsfp4lPSpiS6psrSiet87wyGPh9ft6wmhOMQ0hDiw==",
      "dev": true,
      "license": "MIT",
      "engines": {
        "node": ">=14.16"
      },
      "funding": {
        "url": "https://github.com/sponsors/sindresorhus"
      }
    },
    "node_modules/supertest": {
      "resolved": "../node_modules/.pnpm/supertest@7.2.2/node_modules/supertest",
      "link": true
    },
    "node_modules/thread-stream": {
      "version": "4.2.0",
      "resolved": "https://registry.npmjs.org/thread-stream/-/thread-stream-4.2.0.tgz",
      "integrity": "sha512-e2zZ96wSChazBsbENf/Pcm/4swHt2cEKQ92rhUjkL9GCKiTDJIaTBenjE/m9DXi0QBmTMDkFDdOomUy20A1tDQ==",
      "license": "MIT",
      "dependencies": {
        "real-require": "^1.0.0"
      },
      "engines": {
        "node": ">=20"
      }
    },
    "node_modules/thread-stream/node_modules/real-require": {
      "version": "1.0.0",
      "resolved": "https://registry.npmjs.org/real-require/-/real-require-1.0.0.tgz",
      "integrity": "sha512-P4nbQYQfePJxRSmY+v/KINxVucm4NF3p3s7pJveMTtom52FR4YGltUQLB8idDXwDDWW+eYrWDFbuzUnjoWHF7g==",
      "license": "MIT"
    },
    "node_modules/vitest": {
      "resolved": "../node_modules/.pnpm/vitest@3.2.7_@types+debug@4.1.13_@types+node@26.1.0/node_modules/vitest",
      "link": true
    },
    "node_modules/wrappy": {
      "version": "1.0.2",
      "resolved": "https://registry.npmjs.org/wrappy/-/wrappy-1.0.2.tgz",
      "integrity": "sha512-l4Sp/DRseor9wL6EvV2+TuQn63dMkPjZ/sp9XkghTEbV9KlPS1xUsZ3u7/IQO4wxtcFB4bgpQPRcR3QCvezPcQ==",
      "dev": true,
      "license": "ISC"
    },
    "node_modules/ws": {
      "resolved": "../node_modules/.pnpm/ws@8.21.0/node_modules/ws",
      "link": true
    }
  }
}
